
Microsoft Visual Studio Solution File, Format Version 12.00
# Visual Studio Version 16
VisualStudioVersion = 16.0.30503.244
MinimumVisualStudioVersion = 10.0.40219.1
Project("{FAE04EC0-301F-11D3-BF4B-00C04F79EFBC}") = "Third", "Third\Third.csproj", "{332BA371-AE2E-4E6B-93A5-FD95E814C0AE}"
EndProject
Global
	GlobalSection(SolutionConfigurationPlatforms) = preSolution
		Debug|Any CPU = Debug|Any CPU
		Release|Any CPU = Release|Any CPU
	EndGlobalSection
	GlobalSection(ProjectConfigurationPlatforms) = postSolution
		{332BA371-AE2E-4E6B-93A5-FD95E814C0AE}.Debug|Any CPU.ActiveCfg = Debug|Any CPU
		{332BA371-AE2E-4E6B-93A5-FD95E814C0AE}.Debug|Any CPU.Build.0 = Debug|Any CPU
		{332BA371-AE2E-4E6B-93A5-FD95E814C0AE}.Release|Any CPU.ActiveCfg = Release|Any CPU
		{332BA371-AE2E-4E6B-93A5-FD95E814C0AE}.Release|Any CPU.Build.0 = Release|Any CPU
	EndGlobalSection
	GlobalSection(SolutionProperties) = preSolution
		HideSolutionNode = FALSE
	EndGlobalSection
	GlobalSection(ExtensibilityGlobals) = postSolution
		SolutionGuid = {98B5C450-8483-438B-9DDD-460C4A1CFE2E}
	EndGlobalSection
EndGlobal
